<?xml version="1.0" encoding="utf-8"?>
<Project ToolsVersion="4.0" xmlns="http://schemas.microsoft.com/developer/msbuild/2003">
  <ItemGroup>
    <Filter Include="Source Files">
      <UniqueIdentifier>{4FC737F1-C7A5-4376-A066-2A32D752A2FF}</UniqueIdentifier>
      <Extensions>cpp;c;cc;cxx;def;odl;idl;hpj;bat;asm;asmx</Extensions>
    </Filter>
    <Filter Include="Header Files">
      <UniqueIdentifier>{93995380-89BD-4b04-88EB-625FBE52EBFB}</UniqueIdentifier>
      <Extensions>h;hh;hpp;hxx;hm;inl;inc;xsd</Extensions>
    </Filter>
    <Filter Include="Resource Files">
      <UniqueIdentifier>{67DA6AB6-F800-4c08-8B7A-83BB121AAD01}</UniqueIdentifier>
      <Extensions>rc;ico;cur;bmp;dlg;rc2;rct;bin;rgs;gif;jpg;jpeg;jpe;resx;tiff;tif;png;wav</Extensions>
    </Filter>
  </ItemGroup>
  <ItemGroup>
    <ClCompile Include="..\..\engine\controller\Camera.cpp">
      <Filter>Source Files</Filter>
    </ClCompile>
    <ClCompile Include="..\..\engine\controller\CommandHandler.cpp">
      <Filter>Source Files</Filter>
    </ClCompile>
    <ClCompile Include="..\..\engine\controller\InputManager.cpp">
      <Filter>Source Files</Filter>
    </ClCompile>
    <ClCompile Include="..\..\engine\graphics\Animation.cpp">
      <Filter>Source Files</Filter>
    </ClCompile>
    <ClCompile Include="..\..\engine\graphics\Font.cpp">
      <Filter>Source Files</Filter>
    </ClCompile>
    <ClCompile Include="..\..\engine\graphics\FontsManager.cpp">
      <Filter>Source Files</Filter>
    </ClCompile>
    <ClCompile Include="..\..\engine\graphics\Lighting.cpp">
      <Filter>Source Files</Filter>
    </ClCompile>
    <ClCompile Include="..\..\engine\graphics\Material.cpp">
      <Filter>Source Files</Filter>
    </ClCompile>
    <ClCompile Include="..\..\engine\graphics\MaterialManager.cpp">
      <Filter>Source Files</Filter>
    </ClCompile>
    <ClCompile Include="..\..\engine\graphics\Object3D.cpp">
      <Filter>Source Files</Filter>
    </ClCompile>
    <ClCompile Include="..\..\engine\graphics\SceneManager.cpp">
      <Filter>Source Files</Filter>
    </ClCompile>
    <ClCompile Include="..\..\engine\graphics\Texture2D.cpp">
      <Filter>Source Files</Filter>
    </ClCompile>
    <ClCompile Include="..\..\engine\graphics\TextureManager.cpp">
      <Filter>Source Files</Filter>
    </ClCompile>
    <ClCompile Include="..\..\engine\physics\Collider3D.cpp">
      <Filter>Source Files</Filter>
    </ClCompile>
    <ClCompile Include="..\..\engine\physics\RigidBody3D.cpp">
      <Filter>Source Files</Filter>
    </ClCompile>
    <ClCompile Include="..\..\engine\script\Parser.cpp">
      <Filter>Source Files</Filter>
    </ClCompile>
    <ClCompile Include="..\..\engine\window\Window.cpp">
      <Filter>Source Files</Filter>
    </ClCompile>
    <ClCompile Include="main\main.cpp">
      <Filter>Source Files</Filter>
    </ClCompile>
    <ClCompile Include="..\..\Engine\World\World.cpp">
      <Filter>Source Files</Filter>
    </ClCompile>
    <ClCompile Include="..\..\Engine\World\LogicFramework.cpp">
      <Filter>Source Files</Filter>
    </ClCompile>
    <ClCompile Include="..\..\Engine\Physics\PhysicalWorld.cpp">
      <Filter>Source Files</Filter>
    </ClCompile>
    <ClCompile Include="..\..\Engine\Graphics\Mesh.cpp">
      <Filter>Source Files</Filter>
    </ClCompile>
    <ClCompile Include="..\..\Engine\CXCEngine.cpp">
      <Filter>Source Files</Filter>
    </ClCompile>
    <ClCompile Include="..\..\engine\graphics\RenderManager.cpp">
      <Filter>Source Files</Filter>
    </ClCompile>
    <ClCompile Include="..\..\Engine\Utilities\FBXSDKUtility.cpp">
      <Filter>Source Files</Filter>
    </ClCompile>
    <ClCompile Include="..\..\Engine\Utilities\FileHelper.cpp">
      <Filter>Source Files</Filter>
    </ClCompile>
    <ClCompile Include="..\..\Engine\Graphics\RenderPipeline.cpp">
      <Filter>Source Files</Filter>
    </ClCompile>
    <ClCompile Include="..\..\Engine\Graphics\MeshRender.cpp">
      <Filter>Source Files</Filter>
    </ClCompile>
  </ItemGroup>
  <ItemGroup>
    <ClInclude Include="..\..\engine\controller\Camera.h">
      <Filter>Header Files</Filter>
    </ClInclude>
    <ClInclude Include="..\..\engine\controller\CommandHandler.h">
      <Filter>Header Files</Filter>
    </ClInclude>
    <ClInclude Include="..\..\engine\controller\InputManager.h">
      <Filter>Header Files</Filter>
    </ClInclude>
    <ClInclude Include="..\..\engine\general\DefineTypes.h">
      <Filter>Header Files</Filter>
    </ClInclude>
    <ClInclude Include="..\..\engine\general\EngineCompoents.h">
      <Filter>Header Files</Filter>
    </ClInclude>
    <ClInclude Include="..\..\engine\graphics\Animation.h">
      <Filter>Header Files</Filter>
    </ClInclude>
    <ClInclude Include="..\..\engine\graphics\Font.h">
      <Filter>Header Files</Filter>
    </ClInclude>
    <ClInclude Include="..\..\engine\graphics\FontsManager.h">
      <Filter>Header Files</Filter>
    </ClInclude>
    <ClInclude Include="..\..\engine\graphics\Lighting.h">
      <Filter>Header Files</Filter>
    </ClInclude>
    <ClInclude Include="..\..\engine\graphics\Material.h">
      <Filter>Header Files</Filter>
    </ClInclude>
    <ClInclude Include="..\..\engine\graphics\MaterialManager.h">
      <Filter>Header Files</Filter>
    </ClInclude>
    <ClInclude Include="..\..\engine\graphics\Object3D.h">
      <Filter>Header Files</Filter>
    </ClInclude>
    <ClInclude Include="..\..\engine\graphics\SceneManager.h">
      <Filter>Header Files</Filter>
    </ClInclude>
    <ClInclude Include="..\..\engine\graphics\Texture2D.h">
      <Filter>Header Files</Filter>
    </ClInclude>
    <ClInclude Include="..\..\engine\graphics\TextureManager.h">
      <Filter>Header Files</Filter>
    </ClInclude>
    <ClInclude Include="..\..\engine\libraries\fbx-sdk\include\fbxsdk.h">
      <Filter>Header Files</Filter>
    </ClInclude>
    <ClInclude Include="..\..\engine\libraries\fbx-sdk\include\fbxsdk\fbxsdk_def.h">
      <Filter>Header Files</Filter>
    </ClInclude>
    <ClInclude Include="..\..\engine\libraries\fbx-sdk\include\fbxsdk\fbxsdk_nsbegin.h">
      <Filter>Header Files</Filter>
    </ClInclude>
    <ClInclude Include="..\..\engine\libraries\fbx-sdk\include\fbxsdk\fbxsdk_nsend.h">
      <Filter>Header Files</Filter>
    </ClInclude>
    <ClInclude Include="..\..\engine\libraries\fbx-sdk\include\fbxsdk\fbxsdk_version.h">
      <Filter>Header Files</Filter>
    </ClInclude>
    <ClInclude Include="..\..\engine\libraries\fbx-sdk\include\fbxsdk\core\fbxclassid.h">
      <Filter>Header Files</Filter>
    </ClInclude>
    <ClInclude Include="..\..\engine\libraries\fbx-sdk\include\fbxsdk\core\fbxconnectionpoint.h">
      <Filter>Header Files</Filter>
    </ClInclude>
    <ClInclude Include="..\..\engine\libraries\fbx-sdk\include\fbxsdk\core\fbxdatatypes.h">
      <Filter>Header Files</Filter>
    </ClInclude>
    <ClInclude Include="..\..\engine\libraries\fbx-sdk\include\fbxsdk\core\fbxemitter.h">
      <Filter>Header Files</Filter>
    </ClInclude>
    <ClInclude Include="..\..\engine\libraries\fbx-sdk\include\fbxsdk\core\fbxevent.h">
      <Filter>Header Files</Filter>
    </ClInclude>
    <ClInclude Include="..\..\engine\libraries\fbx-sdk\include\fbxsdk\core\fbxeventhandler.h">
      <Filter>Header Files</Filter>
    </ClInclude>
    <ClInclude Include="..\..\engine\libraries\fbx-sdk\include\fbxsdk\core\fbxlistener.h">
      <Filter>Header Files</Filter>
    </ClInclude>
    <ClInclude Include="..\..\engine\libraries\fbx-sdk\include\fbxsdk\core\fbxloadingstrategy.h">
      <Filter>Header Files</Filter>
    </ClInclude>
    <ClInclude Include="..\..\engine\libraries\fbx-sdk\include\fbxsdk\core\fbxmanager.h">
      <Filter>Header Files</Filter>
    </ClInclude>
    <ClInclude Include="..\..\engine\libraries\fbx-sdk\include\fbxsdk\core\fbxmodule.h">
      <Filter>Header Files</Filter>
    </ClInclude>
    <ClInclude Include="..\..\engine\libraries\fbx-sdk\include\fbxsdk\core\fbxobject.h">
      <Filter>Header Files</Filter>
    </ClInclude>
    <ClInclude Include="..\..\engine\libraries\fbx-sdk\include\fbxsdk\core\fbxperipheral.h">
      <Filter>Header Files</Filter>
    </ClInclude>
    <ClInclude Include="..\..\engine\libraries\fbx-sdk\include\fbxsdk\core\fbxplugin.h">
      <Filter>Header Files</Filter>
    </ClInclude>
    <ClInclude Include="..\..\engine\libraries\fbx-sdk\include\fbxsdk\core\fbxplugincontainer.h">
      <Filter>Header Files</Filter>
    </ClInclude>
    <ClInclude Include="..\..\engine\libraries\fbx-sdk\include\fbxsdk\core\fbxproperty.h">
      <Filter>Header Files</Filter>
    </ClInclude>
    <ClInclude Include="..\..\engine\libraries\fbx-sdk\include\fbxsdk\core\fbxpropertydef.h">
      <Filter>Header Files</Filter>
    </ClInclude>
    <ClInclude Include="..\..\engine\libraries\fbx-sdk\include\fbxsdk\core\fbxpropertyhandle.h">
      <Filter>Header Files</Filter>
    </ClInclude>
    <ClInclude Include="..\..\engine\libraries\fbx-sdk\include\fbxsdk\core\fbxpropertypage.h">
      <Filter>Header Files</Filter>
    </ClInclude>
    <ClInclude Include="..\..\engine\libraries\fbx-sdk\include\fbxsdk\core\fbxpropertytypes.h">
      <Filter>Header Files</Filter>
    </ClInclude>
    <ClInclude Include="..\..\engine\libraries\fbx-sdk\include\fbxsdk\core\fbxquery.h">
      <Filter>Header Files</Filter>
    </ClInclude>
    <ClInclude Include="..\..\engine\libraries\fbx-sdk\include\fbxsdk\core\fbxqueryevent.h">
      <Filter>Header Files</Filter>
    </ClInclude>
    <ClInclude Include="..\..\engine\libraries\fbx-sdk\include\fbxsdk\core\fbxscopedloadingdirectory.h">
      <Filter>Header Files</Filter>
    </ClInclude>
    <ClInclude Include="..\..\engine\libraries\fbx-sdk\include\fbxsdk\core\fbxscopedloadingfilename.h">
      <Filter>Header Files</Filter>
    </ClInclude>
    <ClInclude Include="..\..\engine\libraries\fbx-sdk\include\fbxsdk\core\fbxstream.h">
      <Filter>Header Files</Filter>
    </ClInclude>
    <ClInclude Include="..\..\engine\libraries\fbx-sdk\include\fbxsdk\core\fbxsymbol.h">
      <Filter>Header Files</Filter>
    </ClInclude>
    <ClInclude Include="..\..\engine\libraries\fbx-sdk\include\fbxsdk\core\fbxsystemunit.h">
      <Filter>Header Files</Filter>
    </ClInclude>
    <ClInclude Include="..\..\engine\libraries\fbx-sdk\include\fbxsdk\core\fbxxref.h">
      <Filter>Header Files</Filter>
    </ClInclude>
    <ClInclude Include="..\..\engine\libraries\fbx-sdk\include\fbxsdk\core\arch\fbxalloc.h">
      <Filter>Header Files</Filter>
    </ClInclude>
    <ClInclude Include="..\..\engine\libraries\fbx-sdk\include\fbxsdk\core\arch\fbxarch.h">
      <Filter>Header Files</Filter>
    </ClInclude>
    <ClInclude Include="..\..\engine\libraries\fbx-sdk\include\fbxsdk\core\arch\fbxdebug.h">
      <Filter>Header Files</Filter>
    </ClInclude>
    <ClInclude Include="..\..\engine\libraries\fbx-sdk\include\fbxsdk\core\arch\fbxnew.h">
      <Filter>Header Files</Filter>
    </ClInclude>
    <ClInclude Include="..\..\engine\libraries\fbx-sdk\include\fbxsdk\core\arch\fbxstdcompliant.h">
      <Filter>Header Files</Filter>
    </ClInclude>
    <ClInclude Include="..\..\engine\libraries\fbx-sdk\include\fbxsdk\core\arch\fbxtypes.h">
      <Filter>Header Files</Filter>
    </ClInclude>
    <ClInclude Include="..\..\engine\libraries\fbx-sdk\include\fbxsdk\core\base\fbxarray.h">
      <Filter>Header Files</Filter>
    </ClInclude>
    <ClInclude Include="..\..\engine\libraries\fbx-sdk\include\fbxsdk\core\base\fbxbitset.h">
      <Filter>Header Files</Filter>
    </ClInclude>
    <ClInclude Include="..\..\engine\libraries\fbx-sdk\include\fbxsdk\core\base\fbxcharptrset.h">
      <Filter>Header Files</Filter>
    </ClInclude>
    <ClInclude Include="..\..\engine\libraries\fbx-sdk\include\fbxsdk\core\base\fbxcontainerallocators.h">
      <Filter>Header Files</Filter>
    </ClInclude>
    <ClInclude Include="..\..\engine\libraries\fbx-sdk\include\fbxsdk\core\base\fbxdynamicarray.h">
      <Filter>Header Files</Filter>
    </ClInclude>
    <ClInclude Include="..\..\engine\libraries\fbx-sdk\include\fbxsdk\core\base\fbxfile.h">
      <Filter>Header Files</Filter>
    </ClInclude>
    <ClInclude Include="..\..\engine\libraries\fbx-sdk\include\fbxsdk\core\base\fbxfolder.h">
      <Filter>Header Files</Filter>
    </ClInclude>
    <ClInclude Include="..\..\engine\libraries\fbx-sdk\include\fbxsdk\core\base\fbxhashmap.h">
      <Filter>Header Files</Filter>
    </ClInclude>
    <ClInclude Include="..\..\engine\libraries\fbx-sdk\include\fbxsdk\core\base\fbxintrusivelist.h">
      <Filter>Header Files</Filter>
    </ClInclude>
    <ClInclude Include="..\..\engine\libraries\fbx-sdk\include\fbxsdk\core\base\fbxmap.h">
      <Filter>Header Files</Filter>
    </ClInclude>
    <ClInclude Include="..\..\engine\libraries\fbx-sdk\include\fbxsdk\core\base\fbxmemorypool.h">
      <Filter>Header Files</Filter>
    </ClInclude>
    <ClInclude Include="..\..\engine\libraries\fbx-sdk\include\fbxsdk\core\base\fbxmultimap.h">
      <Filter>Header Files</Filter>
    </ClInclude>
    <ClInclude Include="..\..\engine\libraries\fbx-sdk\include\fbxsdk\core\base\fbxpair.h">
      <Filter>Header Files</Filter>
    </ClInclude>
    <ClInclude Include="..\..\engine\libraries\fbx-sdk\include\fbxsdk\core\base\fbxredblacktree.h">
      <Filter>Header Files</Filter>
    </ClInclude>
    <ClInclude Include="..\..\engine\libraries\fbx-sdk\include\fbxsdk\core\base\fbxset.h">
      <Filter>Header Files</Filter>
    </ClInclude>
    <ClInclude Include="..\..\engine\libraries\fbx-sdk\include\fbxsdk\core\base\fbxstatus.h">
      <Filter>Header Files</Filter>
    </ClInclude>
    <ClInclude Include="..\..\engine\libraries\fbx-sdk\include\fbxsdk\core\base\fbxstring.h">
      <Filter>Header Files</Filter>
    </ClInclude>
    <ClInclude Include="..\..\engine\libraries\fbx-sdk\include\fbxsdk\core\base\fbxstringlist.h">
      <Filter>Header Files</Filter>
    </ClInclude>
    <ClInclude Include="..\..\engine\libraries\fbx-sdk\include\fbxsdk\core\base\fbxtime.h">
      <Filter>Header Files</Filter>
    </ClInclude>
    <ClInclude Include="..\..\engine\libraries\fbx-sdk\include\fbxsdk\core\base\fbxtimecode.h">
      <Filter>Header Files</Filter>
    </ClInclude>
    <ClInclude Include="..\..\engine\libraries\fbx-sdk\include\fbxsdk\core\base\fbxutils.h">
      <Filter>Header Files</Filter>
    </ClInclude>
    <ClInclude Include="..\..\engine\libraries\fbx-sdk\include\fbxsdk\core\math\fbxaffinematrix.h">
      <Filter>Header Files</Filter>
    </ClInclude>
    <ClInclude Include="..\..\engine\libraries\fbx-sdk\include\fbxsdk\core\math\fbxdualquaternion.h">
      <Filter>Header Files</Filter>
    </ClInclude>
    <ClInclude Include="..\..\engine\libraries\fbx-sdk\include\fbxsdk\core\math\fbxmath.h">
      <Filter>Header Files</Filter>
    </ClInclude>
    <ClInclude Include="..\..\engine\libraries\fbx-sdk\include\fbxsdk\core\math\fbxmatrix.h">
      <Filter>Header Files</Filter>
    </ClInclude>
    <ClInclude Include="..\..\engine\libraries\fbx-sdk\include\fbxsdk\core\math\fbxquaternion.h">
      <Filter>Header Files</Filter>
    </ClInclude>
    <ClInclude Include="..\..\engine\libraries\fbx-sdk\include\fbxsdk\core\math\fbxtransforms.h">
      <Filter>Header Files</Filter>
    </ClInclude>
    <ClInclude Include="..\..\engine\libraries\fbx-sdk\include\fbxsdk\core\math\fbxvector2.h">
      <Filter>Header Files</Filter>
    </ClInclude>
    <ClInclude Include="..\..\engine\libraries\fbx-sdk\include\fbxsdk\core\math\fbxvector4.h">
      <Filter>Header Files</Filter>
    </ClInclude>
    <ClInclude Include="..\..\engine\libraries\fbx-sdk\include\fbxsdk\core\sync\fbxatomic.h">
      <Filter>Header Files</Filter>
    </ClInclude>
    <ClInclude Include="..\..\engine\libraries\fbx-sdk\include\fbxsdk\core\sync\fbxclock.h">
      <Filter>Header Files</Filter>
    </ClInclude>
    <ClInclude Include="..\..\engine\libraries\fbx-sdk\include\fbxsdk\core\sync\fbxsync.h">
      <Filter>Header Files</Filter>
    </ClInclude>
    <ClInclude Include="..\..\engine\libraries\fbx-sdk\include\fbxsdk\core\sync\fbxthread.h">
      <Filter>Header Files</Filter>
    </ClInclude>
    <ClInclude Include="..\..\engine\libraries\fbx-sdk\include\fbxsdk\fileio\fbxbase64coder.h">
      <Filter>Header Files</Filter>
    </ClInclude>
    <ClInclude Include="..\..\engine\libraries\fbx-sdk\include\fbxsdk\fileio\fbxexporter.h">
      <Filter>Header Files</Filter>
    </ClInclude>
    <ClInclude Include="..\..\engine\libraries\fbx-sdk\include\fbxsdk\fileio\fbxexternaldocreflistener.h">
      <Filter>Header Files</Filter>
    </ClInclude>
    <ClInclude Include="..\..\engine\libraries\fbx-sdk\include\fbxsdk\fileio\fbxfiletokens.h">
      <Filter>Header Files</Filter>
    </ClInclude>
    <ClInclude Include="..\..\engine\libraries\fbx-sdk\include\fbxsdk\fileio\fbxglobalcamerasettings.h">
      <Filter>Header Files</Filter>
    </ClInclude>
    <ClInclude Include="..\..\engine\libraries\fbx-sdk\include\fbxsdk\fileio\fbxgloballightsettings.h">
      <Filter>Header Files</Filter>
    </ClInclude>
    <ClInclude Include="..\..\engine\libraries\fbx-sdk\include\fbxsdk\fileio\fbxglobalsettings.h">
      <Filter>Header Files</Filter>
    </ClInclude>
    <ClInclude Include="..\..\engine\libraries\fbx-sdk\include\fbxsdk\fileio\fbxgobo.h">
      <Filter>Header Files</Filter>
    </ClInclude>
    <ClInclude Include="..\..\engine\libraries\fbx-sdk\include\fbxsdk\fileio\fbximporter.h">
      <Filter>Header Files</Filter>
    </ClInclude>
    <ClInclude Include="..\..\engine\libraries\fbx-sdk\include\fbxsdk\fileio\fbxiobase.h">
      <Filter>Header Files</Filter>
    </ClInclude>
    <ClInclude Include="..\..\engine\libraries\fbx-sdk\include\fbxsdk\fileio\fbxiopluginregistry.h">
      <Filter>Header Files</Filter>
    </ClInclude>
    <ClInclude Include="..\..\engine\libraries\fbx-sdk\include\fbxsdk\fileio\fbxiosettings.h">
      <Filter>Header Files</Filter>
    </ClInclude>
    <ClInclude Include="..\..\engine\libraries\fbx-sdk\include\fbxsdk\fileio\fbxiosettingspath.h">
      <Filter>Header Files</Filter>
    </ClInclude>
    <ClInclude Include="..\..\engine\libraries\fbx-sdk\include\fbxsdk\fileio\fbxprogress.h">
      <Filter>Header Files</Filter>
    </ClInclude>
    <ClInclude Include="..\..\engine\libraries\fbx-sdk\include\fbxsdk\fileio\fbxreader.h">
      <Filter>Header Files</Filter>
    </ClInclude>
    <ClInclude Include="..\..\engine\libraries\fbx-sdk\include\fbxsdk\fileio\fbxstatistics.h">
      <Filter>Header Files</Filter>
    </ClInclude>
    <ClInclude Include="..\..\engine\libraries\fbx-sdk\include\fbxsdk\fileio\fbxstatisticsfbx.h">
      <Filter>Header Files</Filter>
    </ClInclude>
    <ClInclude Include="..\..\engine\libraries\fbx-sdk\include\fbxsdk\fileio\fbxwriter.h">
      <Filter>Header Files</Filter>
    </ClInclude>
    <ClInclude Include="..\..\engine\libraries\fbx-sdk\include\fbxsdk\fileio\collada\fbxcolladaanimationelement.h">
      <Filter>Header Files</Filter>
    </ClInclude>
    <ClInclude Include="..\..\engine\libraries\fbx-sdk\include\fbxsdk\fileio\collada\fbxcolladaelement.h">
      <Filter>Header Files</Filter>
    </ClInclude>
    <ClInclude Include="..\..\engine\libraries\fbx-sdk\include\fbxsdk\fileio\collada\fbxcolladaiostream.h">
      <Filter>Header Files</Filter>
    </ClInclude>
    <ClInclude Include="..\..\engine\libraries\fbx-sdk\include\fbxsdk\fileio\collada\fbxcolladanamespace.h">
      <Filter>Header Files</Filter>
    </ClInclude>
    <ClInclude Include="..\..\engine\libraries\fbx-sdk\include\fbxsdk\fileio\collada\fbxcolladatokens.h">
      <Filter>Header Files</Filter>
    </ClInclude>
    <ClInclude Include="..\..\engine\libraries\fbx-sdk\include\fbxsdk\fileio\collada\fbxcolladautils.h">
      <Filter>Header Files</Filter>
    </ClInclude>
    <ClInclude Include="..\..\engine\libraries\fbx-sdk\include\fbxsdk\fileio\collada\fbxreadercollada14.h">
      <Filter>Header Files</Filter>
    </ClInclude>
    <ClInclude Include="..\..\engine\libraries\fbx-sdk\include\fbxsdk\fileio\collada\fbxwritercollada14.h">
      <Filter>Header Files</Filter>
    </ClInclude>
    <ClInclude Include="..\..\engine\libraries\fbx-sdk\include\fbxsdk\fileio\fbx\fbxio.h">
      <Filter>Header Files</Filter>
    </ClInclude>
    <ClInclude Include="..\..\engine\libraries\fbx-sdk\include\fbxsdk\fileio\fbx\fbxreaderfbx5.h">
      <Filter>Header Files</Filter>
    </ClInclude>
    <ClInclude Include="..\..\engine\libraries\fbx-sdk\include\fbxsdk\fileio\fbx\fbxreaderfbx6.h">
      <Filter>Header Files</Filter>
    </ClInclude>
    <ClInclude Include="..\..\engine\libraries\fbx-sdk\include\fbxsdk\fileio\fbx\fbxreaderfbx7.h">
      <Filter>Header Files</Filter>
    </ClInclude>
    <ClInclude Include="..\..\engine\libraries\fbx-sdk\include\fbxsdk\fileio\fbx\fbxwriterfbx5.h">
      <Filter>Header Files</Filter>
    </ClInclude>
    <ClInclude Include="..\..\engine\libraries\fbx-sdk\include\fbxsdk\fileio\fbx\fbxwriterfbx6.h">
      <Filter>Header Files</Filter>
    </ClInclude>
    <ClInclude Include="..\..\engine\libraries\fbx-sdk\include\fbxsdk\fileio\fbx\fbxwriterfbx7.h">
      <Filter>Header Files</Filter>
    </ClInclude>
    <ClInclude Include="..\..\engine\libraries\fbx-sdk\include\fbxsdk\scene\fbxaudio.h">
      <Filter>Header Files</Filter>
    </ClInclude>
    <ClInclude Include="..\..\engine\libraries\fbx-sdk\include\fbxsdk\scene\fbxaudiolayer.h">
      <Filter>Header Files</Filter>
    </ClInclude>
    <ClInclude Include="..\..\engine\libraries\fbx-sdk\include\fbxsdk\scene\fbxaxissystem.h">
      <Filter>Header Files</Filter>
    </ClInclude>
    <ClInclude Include="..\..\engine\libraries\fbx-sdk\include\fbxsdk\scene\fbxcollection.h">
      <Filter>Header Files</Filter>
    </ClInclude>
    <ClInclude Include="..\..\engine\libraries\fbx-sdk\include\fbxsdk\scene\fbxcollectionexclusive.h">
      <Filter>Header Files</Filter>
    </ClInclude>
    <ClInclude Include="..\..\engine\libraries\fbx-sdk\include\fbxsdk\scene\fbxcontainer.h">
      <Filter>Header Files</Filter>
    </ClInclude>
    <ClInclude Include="..\..\engine\libraries\fbx-sdk\include\fbxsdk\scene\fbxcontainertemplate.h">
      <Filter>Header Files</Filter>
    </ClInclude>
    <ClInclude Include="..\..\engine\libraries\fbx-sdk\include\fbxsdk\scene\fbxdisplaylayer.h">
      <Filter>Header Files</Filter>
    </ClInclude>
    <ClInclude Include="..\..\engine\libraries\fbx-sdk\include\fbxsdk\scene\fbxdocument.h">
      <Filter>Header Files</Filter>
    </ClInclude>
    <ClInclude Include="..\..\engine\libraries\fbx-sdk\include\fbxsdk\scene\fbxdocumentinfo.h">
      <Filter>Header Files</Filter>
    </ClInclude>
    <ClInclude Include="..\..\engine\libraries\fbx-sdk\include\fbxsdk\scene\fbxenvironment.h">
      <Filter>Header Files</Filter>
    </ClInclude>
    <ClInclude Include="..\..\engine\libraries\fbx-sdk\include\fbxsdk\scene\fbxgroupname.h">
      <Filter>Header Files</Filter>
    </ClInclude>
    <ClInclude Include="..\..\engine\libraries\fbx-sdk\include\fbxsdk\scene\fbxlibrary.h">
      <Filter>Header Files</Filter>
    </ClInclude>
    <ClInclude Include="..\..\engine\libraries\fbx-sdk\include\fbxsdk\scene\fbxmediaclip.h">
      <Filter>Header Files</Filter>
    </ClInclude>
    <ClInclude Include="..\..\engine\libraries\fbx-sdk\include\fbxsdk\scene\fbxobjectfilter.h">
      <Filter>Header Files</Filter>
    </ClInclude>
    <ClInclude Include="..\..\engine\libraries\fbx-sdk\include\fbxsdk\scene\fbxobjectmetadata.h">
      <Filter>Header Files</Filter>
    </ClInclude>
    <ClInclude Include="..\..\engine\libraries\fbx-sdk\include\fbxsdk\scene\fbxobjectscontainer.h">
      <Filter>Header Files</Filter>
    </ClInclude>
    <ClInclude Include="..\..\engine\libraries\fbx-sdk\include\fbxsdk\scene\fbxpose.h">
      <Filter>Header Files</Filter>
    </ClInclude>
    <ClInclude Include="..\..\engine\libraries\fbx-sdk\include\fbxsdk\scene\fbxreference.h">
      <Filter>Header Files</Filter>
    </ClInclude>
    <ClInclude Include="..\..\engine\libraries\fbx-sdk\include\fbxsdk\scene\fbxscene.h">
      <Filter>Header Files</Filter>
    </ClInclude>
    <ClInclude Include="..\..\engine\libraries\fbx-sdk\include\fbxsdk\scene\fbxselectionnode.h">
      <Filter>Header Files</Filter>
    </ClInclude>
    <ClInclude Include="..\..\engine\libraries\fbx-sdk\include\fbxsdk\scene\fbxselectionset.h">
      <Filter>Header Files</Filter>
    </ClInclude>
    <ClInclude Include="..\..\engine\libraries\fbx-sdk\include\fbxsdk\scene\fbxtakeinfo.h">
      <Filter>Header Files</Filter>
    </ClInclude>
    <ClInclude Include="..\..\engine\libraries\fbx-sdk\include\fbxsdk\scene\fbxthumbnail.h">
      <Filter>Header Files</Filter>
    </ClInclude>
    <ClInclude Include="..\..\engine\libraries\fbx-sdk\include\fbxsdk\scene\fbxvideo.h">
      <Filter>Header Files</Filter>
    </ClInclude>
    <ClInclude Include="..\..\engine\libraries\fbx-sdk\include\fbxsdk\scene\animation\fbxanimcurve.h">
      <Filter>Header Files</Filter>
    </ClInclude>
    <ClInclude Include="..\..\engine\libraries\fbx-sdk\include\fbxsdk\scene\animation\fbxanimcurvebase.h">
      <Filter>Header Files</Filter>
    </ClInclude>
    <ClInclude Include="..\..\engine\libraries\fbx-sdk\include\fbxsdk\scene\animation\fbxanimcurvefilters.h">
      <Filter>Header Files</Filter>
    </ClInclude>
    <ClInclude Include="..\..\engine\libraries\fbx-sdk\include\fbxsdk\scene\animation\fbxanimcurvenode.h">
      <Filter>Header Files</Filter>
    </ClInclude>
    <ClInclude Include="..\..\engine\libraries\fbx-sdk\include\fbxsdk\scene\animation\fbxanimevalclassic.h">
      <Filter>Header Files</Filter>
    </ClInclude>
    <ClInclude Include="..\..\engine\libraries\fbx-sdk\include\fbxsdk\scene\animation\fbxanimevalstate.h">
      <Filter>Header Files</Filter>
    </ClInclude>
    <ClInclude Include="..\..\engine\libraries\fbx-sdk\include\fbxsdk\scene\animation\fbxanimevaluator.h">
      <Filter>Header Files</Filter>
    </ClInclude>
    <ClInclude Include="..\..\engine\libraries\fbx-sdk\include\fbxsdk\scene\animation\fbxanimlayer.h">
      <Filter>Header Files</Filter>
    </ClInclude>
    <ClInclude Include="..\..\engine\libraries\fbx-sdk\include\fbxsdk\scene\animation\fbxanimstack.h">
      <Filter>Header Files</Filter>
    </ClInclude>
    <ClInclude Include="..\..\engine\libraries\fbx-sdk\include\fbxsdk\scene\animation\fbxanimutilities.h">
      <Filter>Header Files</Filter>
    </ClInclude>
    <ClInclude Include="..\..\engine\libraries\fbx-sdk\include\fbxsdk\scene\constraint\fbxcharacter.h">
      <Filter>Header Files</Filter>
    </ClInclude>
    <ClInclude Include="..\..\engine\libraries\fbx-sdk\include\fbxsdk\scene\constraint\fbxcharacternodename.h">
      <Filter>Header Files</Filter>
    </ClInclude>
    <ClInclude Include="..\..\engine\libraries\fbx-sdk\include\fbxsdk\scene\constraint\fbxcharacterpose.h">
      <Filter>Header Files</Filter>
    </ClInclude>
    <ClInclude Include="..\..\engine\libraries\fbx-sdk\include\fbxsdk\scene\constraint\fbxconstraint.h">
      <Filter>Header Files</Filter>
    </ClInclude>
    <ClInclude Include="..\..\engine\libraries\fbx-sdk\include\fbxsdk\scene\constraint\fbxconstraintaim.h">
      <Filter>Header Files</Filter>
    </ClInclude>
    <ClInclude Include="..\..\engine\libraries\fbx-sdk\include\fbxsdk\scene\constraint\fbxconstraintcustom.h">
      <Filter>Header Files</Filter>
    </ClInclude>
    <ClInclude Include="..\..\engine\libraries\fbx-sdk\include\fbxsdk\scene\constraint\fbxconstraintparent.h">
      <Filter>Header Files</Filter>
    </ClInclude>
    <ClInclude Include="..\..\engine\libraries\fbx-sdk\include\fbxsdk\scene\constraint\fbxconstraintposition.h">
      <Filter>Header Files</Filter>
    </ClInclude>
    <ClInclude Include="..\..\engine\libraries\fbx-sdk\include\fbxsdk\scene\constraint\fbxconstraintrotation.h">
      <Filter>Header Files</Filter>
    </ClInclude>
    <ClInclude Include="..\..\engine\libraries\fbx-sdk\include\fbxsdk\scene\constraint\fbxconstraintscale.h">
      <Filter>Header Files</Filter>
    </ClInclude>
    <ClInclude Include="..\..\engine\libraries\fbx-sdk\include\fbxsdk\scene\constraint\fbxconstraintsinglechainik.h">
      <Filter>Header Files</Filter>
    </ClInclude>
    <ClInclude Include="..\..\engine\libraries\fbx-sdk\include\fbxsdk\scene\constraint\fbxconstraintutils.h">
      <Filter>Header Files</Filter>
    </ClInclude>
    <ClInclude Include="..\..\engine\libraries\fbx-sdk\include\fbxsdk\scene\constraint\fbxcontrolset.h">
      <Filter>Header Files</Filter>
    </ClInclude>
    <ClInclude Include="..\..\engine\libraries\fbx-sdk\include\fbxsdk\scene\constraint\fbxhik2fbxcharacter.h">
      <Filter>Header Files</Filter>
    </ClInclude>
    <ClInclude Include="..\..\engine\libraries\fbx-sdk\include\fbxsdk\scene\geometry\fbxblendshape.h">
      <Filter>Header Files</Filter>
    </ClInclude>
    <ClInclude Include="..\..\engine\libraries\fbx-sdk\include\fbxsdk\scene\geometry\fbxblendshapechannel.h">
      <Filter>Header Files</Filter>
    </ClInclude>
    <ClInclude Include="..\..\engine\libraries\fbx-sdk\include\fbxsdk\scene\geometry\fbxcache.h">
      <Filter>Header Files</Filter>
    </ClInclude>
    <ClInclude Include="..\..\engine\libraries\fbx-sdk\include\fbxsdk\scene\geometry\fbxcachedeffect.h">
      <Filter>Header Files</Filter>
    </ClInclude>
    <ClInclude Include="..\..\engine\libraries\fbx-sdk\include\fbxsdk\scene\geometry\fbxcamera.h">
      <Filter>Header Files</Filter>
    </ClInclude>
    <ClInclude Include="..\..\engine\libraries\fbx-sdk\include\fbxsdk\scene\geometry\fbxcamerastereo.h">
      <Filter>Header Files</Filter>
    </ClInclude>
    <ClInclude Include="..\..\engine\libraries\fbx-sdk\include\fbxsdk\scene\geometry\fbxcameraswitcher.h">
      <Filter>Header Files</Filter>
    </ClInclude>
    <ClInclude Include="..\..\engine\libraries\fbx-sdk\include\fbxsdk\scene\geometry\fbxcluster.h">
      <Filter>Header Files</Filter>
    </ClInclude>
    <ClInclude Include="..\..\engine\libraries\fbx-sdk\include\fbxsdk\scene\geometry\fbxdeformer.h">
      <Filter>Header Files</Filter>
    </ClInclude>
    <ClInclude Include="..\..\engine\libraries\fbx-sdk\include\fbxsdk\scene\geometry\fbxgenericnode.h">
      <Filter>Header Files</Filter>
    </ClInclude>
    <ClInclude Include="..\..\engine\libraries\fbx-sdk\include\fbxsdk\scene\geometry\fbxgeometry.h">
      <Filter>Header Files</Filter>
    </ClInclude>
    <ClInclude Include="..\..\engine\libraries\fbx-sdk\include\fbxsdk\scene\geometry\fbxgeometrybase.h">
      <Filter>Header Files</Filter>
    </ClInclude>
    <ClInclude Include="..\..\engine\libraries\fbx-sdk\include\fbxsdk\scene\geometry\fbxgeometryweightedmap.h">
      <Filter>Header Files</Filter>
    </ClInclude>
    <ClInclude Include="..\..\engine\libraries\fbx-sdk\include\fbxsdk\scene\geometry\fbxlayer.h">
      <Filter>Header Files</Filter>
    </ClInclude>
    <ClInclude Include="..\..\engine\libraries\fbx-sdk\include\fbxsdk\scene\geometry\fbxlayercontainer.h">
      <Filter>Header Files</Filter>
    </ClInclude>
    <ClInclude Include="..\..\engine\libraries\fbx-sdk\include\fbxsdk\scene\geometry\fbxlight.h">
      <Filter>Header Files</Filter>
    </ClInclude>
    <ClInclude Include="..\..\engine\libraries\fbx-sdk\include\fbxsdk\scene\geometry\fbxlimitsutilities.h">
      <Filter>Header Files</Filter>
    </ClInclude>
    <ClInclude Include="..\..\engine\libraries\fbx-sdk\include\fbxsdk\scene\geometry\fbxline.h">
      <Filter>Header Files</Filter>
    </ClInclude>
    <ClInclude Include="..\..\engine\libraries\fbx-sdk\include\fbxsdk\scene\geometry\fbxlodgroup.h">
      <Filter>Header Files</Filter>
    </ClInclude>
    <ClInclude Include="..\..\engine\libraries\fbx-sdk\include\fbxsdk\scene\geometry\fbxmarker.h">
      <Filter>Header Files</Filter>
    </ClInclude>
    <ClInclude Include="..\..\engine\libraries\fbx-sdk\include\fbxsdk\scene\geometry\fbxmesh.h">
      <Filter>Header Files</Filter>
    </ClInclude>
    <ClInclude Include="..\..\engine\libraries\fbx-sdk\include\fbxsdk\scene\geometry\fbxnode.h">
      <Filter>Header Files</Filter>
    </ClInclude>
    <ClInclude Include="..\..\engine\libraries\fbx-sdk\include\fbxsdk\scene\geometry\fbxnodeattribute.h">
      <Filter>Header Files</Filter>
    </ClInclude>
    <ClInclude Include="..\..\engine\libraries\fbx-sdk\include\fbxsdk\scene\geometry\fbxnull.h">
      <Filter>Header Files</Filter>
    </ClInclude>
    <ClInclude Include="..\..\engine\libraries\fbx-sdk\include\fbxsdk\scene\geometry\fbxnurbs.h">
      <Filter>Header Files</Filter>
    </ClInclude>
    <ClInclude Include="..\..\engine\libraries\fbx-sdk\include\fbxsdk\scene\geometry\fbxnurbscurve.h">
      <Filter>Header Files</Filter>
    </ClInclude>
    <ClInclude Include="..\..\engine\libraries\fbx-sdk\include\fbxsdk\scene\geometry\fbxnurbssurface.h">
      <Filter>Header Files</Filter>
    </ClInclude>
    <ClInclude Include="..\..\engine\libraries\fbx-sdk\include\fbxsdk\scene\geometry\fbxopticalreference.h">
      <Filter>Header Files</Filter>
    </ClInclude>
    <ClInclude Include="..\..\engine\libraries\fbx-sdk\include\fbxsdk\scene\geometry\fbxpatch.h">
      <Filter>Header Files</Filter>
    </ClInclude>
    <ClInclude Include="..\..\engine\libraries\fbx-sdk\include\fbxsdk\scene\geometry\fbxproceduralgeometry.h">
      <Filter>Header Files</Filter>
    </ClInclude>
    <ClInclude Include="..\..\engine\libraries\fbx-sdk\include\fbxsdk\scene\geometry\fbxshape.h">
      <Filter>Header Files</Filter>
    </ClInclude>
    <ClInclude Include="..\..\engine\libraries\fbx-sdk\include\fbxsdk\scene\geometry\fbxskeleton.h">
      <Filter>Header Files</Filter>
    </ClInclude>
    <ClInclude Include="..\..\engine\libraries\fbx-sdk\include\fbxsdk\scene\geometry\fbxskin.h">
      <Filter>Header Files</Filter>
    </ClInclude>
    <ClInclude Include="..\..\engine\libraries\fbx-sdk\include\fbxsdk\scene\geometry\fbxsubdeformer.h">
      <Filter>Header Files</Filter>
    </ClInclude>
    <ClInclude Include="..\..\engine\libraries\fbx-sdk\include\fbxsdk\scene\geometry\fbxsubdiv.h">
      <Filter>Header Files</Filter>
    </ClInclude>
    <ClInclude Include="..\..\engine\libraries\fbx-sdk\include\fbxsdk\scene\geometry\fbxtrimnurbssurface.h">
      <Filter>Header Files</Filter>
    </ClInclude>
    <ClInclude Include="..\..\engine\libraries\fbx-sdk\include\fbxsdk\scene\geometry\fbxvertexcachedeformer.h">
      <Filter>Header Files</Filter>
    </ClInclude>
    <ClInclude Include="..\..\engine\libraries\fbx-sdk\include\fbxsdk\scene\geometry\fbxweightedmapping.h">
      <Filter>Header Files</Filter>
    </ClInclude>
    <ClInclude Include="..\..\engine\libraries\fbx-sdk\include\fbxsdk\scene\shading\fbxbindingoperator.h">
      <Filter>Header Files</Filter>
    </ClInclude>
    <ClInclude Include="..\..\engine\libraries\fbx-sdk\include\fbxsdk\scene\shading\fbxbindingsentryview.h">
      <Filter>Header Files</Filter>
    </ClInclude>
    <ClInclude Include="..\..\engine\libraries\fbx-sdk\include\fbxsdk\scene\shading\fbxbindingtable.h">
      <Filter>Header Files</Filter>
    </ClInclude>
    <ClInclude Include="..\..\engine\libraries\fbx-sdk\include\fbxsdk\scene\shading\fbxbindingtablebase.h">
      <Filter>Header Files</Filter>
    </ClInclude>
    <ClInclude Include="..\..\engine\libraries\fbx-sdk\include\fbxsdk\scene\shading\fbxbindingtableentry.h">
      <Filter>Header Files</Filter>
    </ClInclude>
    <ClInclude Include="..\..\engine\libraries\fbx-sdk\include\fbxsdk\scene\shading\fbxconstantentryview.h">
      <Filter>Header Files</Filter>
    </ClInclude>
    <ClInclude Include="..\..\engine\libraries\fbx-sdk\include\fbxsdk\scene\shading\fbxentryview.h">
      <Filter>Header Files</Filter>
    </ClInclude>
    <ClInclude Include="..\..\engine\libraries\fbx-sdk\include\fbxsdk\scene\shading\fbxfiletexture.h">
      <Filter>Header Files</Filter>
    </ClInclude>
    <ClInclude Include="..\..\engine\libraries\fbx-sdk\include\fbxsdk\scene\shading\fbximplementation.h">
      <Filter>Header Files</Filter>
    </ClInclude>
    <ClInclude Include="..\..\engine\libraries\fbx-sdk\include\fbxsdk\scene\shading\fbximplementationfilter.h">
      <Filter>Header Files</Filter>
    </ClInclude>
    <ClInclude Include="..\..\engine\libraries\fbx-sdk\include\fbxsdk\scene\shading\fbximplementationutils.h">
      <Filter>Header Files</Filter>
    </ClInclude>
    <ClInclude Include="..\..\engine\libraries\fbx-sdk\include\fbxsdk\scene\shading\fbxlayeredtexture.h">
      <Filter>Header Files</Filter>
    </ClInclude>
    <ClInclude Include="..\..\engine\libraries\fbx-sdk\include\fbxsdk\scene\shading\fbxlayerentryview.h">
      <Filter>Header Files</Filter>
    </ClInclude>
    <ClInclude Include="..\..\engine\libraries\fbx-sdk\include\fbxsdk\scene\shading\fbxoperatorentryview.h">
      <Filter>Header Files</Filter>
    </ClInclude>
    <ClInclude Include="..\..\engine\libraries\fbx-sdk\include\fbxsdk\scene\shading\fbxproceduraltexture.h">
      <Filter>Header Files</Filter>
    </ClInclude>
    <ClInclude Include="..\..\engine\libraries\fbx-sdk\include\fbxsdk\scene\shading\fbxpropertyentryview.h">
      <Filter>Header Files</Filter>
    </ClInclude>
    <ClInclude Include="..\..\engine\libraries\fbx-sdk\include\fbxsdk\scene\shading\fbxsemanticentryview.h">
      <Filter>Header Files</Filter>
    </ClInclude>
    <ClInclude Include="..\..\engine\libraries\fbx-sdk\include\fbxsdk\scene\shading\fbxshadingconventions.h">
      <Filter>Header Files</Filter>
    </ClInclude>
    <ClInclude Include="..\..\engine\libraries\fbx-sdk\include\fbxsdk\scene\shading\fbxsurfacelambert.h">
      <Filter>Header Files</Filter>
    </ClInclude>
    <ClInclude Include="..\..\engine\libraries\fbx-sdk\include\fbxsdk\scene\shading\fbxsurfacematerial.h">
      <Filter>Header Files</Filter>
    </ClInclude>
    <ClInclude Include="..\..\engine\libraries\fbx-sdk\include\fbxsdk\scene\shading\fbxsurfacephong.h">
      <Filter>Header Files</Filter>
    </ClInclude>
    <ClInclude Include="..\..\engine\libraries\fbx-sdk\include\fbxsdk\scene\shading\fbxtexture.h">
      <Filter>Header Files</Filter>
    </ClInclude>
    <ClInclude Include="..\..\engine\libraries\fbx-sdk\include\fbxsdk\utils\fbxclonemanager.h">
      <Filter>Header Files</Filter>
    </ClInclude>
    <ClInclude Include="..\..\engine\libraries\fbx-sdk\include\fbxsdk\utils\fbxdeformationsevaluator.h">
      <Filter>Header Files</Filter>
    </ClInclude>
    <ClInclude Include="..\..\engine\libraries\fbx-sdk\include\fbxsdk\utils\fbxembeddedfilesaccumulator.h">
      <Filter>Header Files</Filter>
    </ClInclude>
    <ClInclude Include="..\..\engine\libraries\fbx-sdk\include\fbxsdk\utils\fbxgeometryconverter.h">
      <Filter>Header Files</Filter>
    </ClInclude>
    <ClInclude Include="..\..\engine\libraries\fbx-sdk\include\fbxsdk\utils\fbxmanipulators.h">
      <Filter>Header Files</Filter>
    </ClInclude>
    <ClInclude Include="..\..\engine\libraries\fbx-sdk\include\fbxsdk\utils\fbxmaterialconverter.h">
      <Filter>Header Files</Filter>
    </ClInclude>
    <ClInclude Include="..\..\engine\libraries\fbx-sdk\include\fbxsdk\utils\fbxnamehandler.h">
      <Filter>Header Files</Filter>
    </ClInclude>
    <ClInclude Include="..\..\engine\libraries\fbx-sdk\include\fbxsdk\utils\fbxprocessor.h">
      <Filter>Header Files</Filter>
    </ClInclude>
    <ClInclude Include="..\..\engine\libraries\fbx-sdk\include\fbxsdk\utils\fbxprocessorshaderdependency.h">
      <Filter>Header Files</Filter>
    </ClInclude>
    <ClInclude Include="..\..\engine\libraries\fbx-sdk\include\fbxsdk\utils\fbxprocessorxref.h">
      <Filter>Header Files</Filter>
    </ClInclude>
    <ClInclude Include="..\..\engine\libraries\fbx-sdk\include\fbxsdk\utils\fbxprocessorxrefuserlib.h">
      <Filter>Header Files</Filter>
    </ClInclude>
    <ClInclude Include="..\..\engine\libraries\fbx-sdk\include\fbxsdk\utils\fbxrenamingstrategy.h">
      <Filter>Header Files</Filter>
    </ClInclude>
    <ClInclude Include="..\..\engine\libraries\fbx-sdk\include\fbxsdk\utils\fbxrenamingstrategybase.h">
      <Filter>Header Files</Filter>
    </ClInclude>
    <ClInclude Include="..\..\engine\libraries\fbx-sdk\include\fbxsdk\utils\fbxrenamingstrategyfbx5.h">
      <Filter>Header Files</Filter>
    </ClInclude>
    <ClInclude Include="..\..\engine\libraries\fbx-sdk\include\fbxsdk\utils\fbxrenamingstrategyfbx6.h">
      <Filter>Header Files</Filter>
    </ClInclude>
    <ClInclude Include="..\..\engine\libraries\fbx-sdk\include\fbxsdk\utils\fbxrenamingstrategyfbx7.h">
      <Filter>Header Files</Filter>
    </ClInclude>
    <ClInclude Include="..\..\engine\libraries\fbx-sdk\include\fbxsdk\utils\fbxrenamingstrategyutilities.h">
      <Filter>Header Files</Filter>
    </ClInclude>
    <ClInclude Include="..\..\engine\libraries\fbx-sdk\include\fbxsdk\utils\fbxrootnodeutility.h">
      <Filter>Header Files</Filter>
    </ClInclude>
    <ClInclude Include="..\..\engine\libraries\fbx-sdk\include\fbxsdk\utils\fbxscenecheckutility.h">
      <Filter>Header Files</Filter>
    </ClInclude>
    <ClInclude Include="..\..\engine\libraries\fbx-sdk\include\fbxsdk\utils\fbxusernotification.h">
      <Filter>Header Files</Filter>
    </ClInclude>
    <ClInclude Include="..\..\engine\libraries\image_loader\stb_image.h">
      <Filter>Header Files</Filter>
    </ClInclude>
    <ClInclude Include="..\..\engine\libraries\tinyobjloader\tiny_obj_loader.h">
      <Filter>Header Files</Filter>
    </ClInclude>
    <ClInclude Include="..\..\engine\physics\Collider3D.h">
      <Filter>Header Files</Filter>
    </ClInclude>
    <ClInclude Include="..\..\engine\physics\RigidBody3D.h">
      <Filter>Header Files</Filter>
    </ClInclude>
    <ClInclude Include="..\..\engine\physics\ode\collision.h">
      <Filter>Header Files</Filter>
    </ClInclude>
    <ClInclude Include="..\..\engine\physics\ode\collision_space.h">
      <Filter>Header Files</Filter>
    </ClInclude>
    <ClInclude Include="..\..\engine\physics\ode\collision_trimesh.h">
      <Filter>Header Files</Filter>
    </ClInclude>
    <ClInclude Include="..\..\engine\physics\ode\common.h">
      <Filter>Header Files</Filter>
    </ClInclude>
    <ClInclude Include="..\..\engine\physics\ode\compatibility.h">
      <Filter>Header Files</Filter>
    </ClInclude>
    <ClInclude Include="..\..\engine\physics\ode\contact.h">
      <Filter>Header Files</Filter>
    </ClInclude>
    <ClInclude Include="..\..\engine\physics\ode\error.h">
      <Filter>Header Files</Filter>
    </ClInclude>
    <ClInclude Include="..\..\engine\physics\ode\export-dif.h">
      <Filter>Header Files</Filter>
    </ClInclude>
    <ClInclude Include="..\..\engine\physics\ode\mass.h">
      <Filter>Header Files</Filter>
    </ClInclude>
    <ClInclude Include="..\..\engine\physics\ode\matrix.h">
      <Filter>Header Files</Filter>
    </ClInclude>
    <ClInclude Include="..\..\engine\physics\ode\memory.h">
      <Filter>Header Files</Filter>
    </ClInclude>
    <ClInclude Include="..\..\engine\physics\ode\misc.h">
      <Filter>Header Files</Filter>
    </ClInclude>
    <ClInclude Include="..\..\engine\physics\ode\objects.h">
      <Filter>Header Files</Filter>
    </ClInclude>
    <ClInclude Include="..\..\engine\physics\ode\ode.h">
      <Filter>Header Files</Filter>
    </ClInclude>
    <ClInclude Include="..\..\engine\physics\ode\odeconfig.h">
      <Filter>Header Files</Filter>
    </ClInclude>
    <ClInclude Include="..\..\engine\physics\ode\odecpp.h">
      <Filter>Header Files</Filter>
    </ClInclude>
    <ClInclude Include="..\..\engine\physics\ode\odecpp_collision.h">
      <Filter>Header Files</Filter>
    </ClInclude>
    <ClInclude Include="..\..\engine\physics\ode\odeinit.h">
      <Filter>Header Files</Filter>
    </ClInclude>
    <ClInclude Include="..\..\engine\physics\ode\odemath.h">
      <Filter>Header Files</Filter>
    </ClInclude>
    <ClInclude Include="..\..\engine\physics\ode\odemath_legacy.h">
      <Filter>Header Files</Filter>
    </ClInclude>
    <ClInclude Include="..\..\engine\physics\ode\precision.h">
      <Filter>Header Files</Filter>
    </ClInclude>
    <ClInclude Include="..\..\engine\physics\ode\rotation.h">
      <Filter>Header Files</Filter>
    </ClInclude>
    <ClInclude Include="..\..\engine\physics\ode\threading.h">
      <Filter>Header Files</Filter>
    </ClInclude>
    <ClInclude Include="..\..\engine\physics\ode\threading_impl.h">
      <Filter>Header Files</Filter>
    </ClInclude>
    <ClInclude Include="..\..\engine\physics\ode\timer.h">
      <Filter>Header Files</Filter>
    </ClInclude>
    <ClInclude Include="..\..\engine\script\Parser.h">
      <Filter>Header Files</Filter>
    </ClInclude>
    <ClInclude Include="..\..\engine\window\Window.h">
      <Filter>Header Files</Filter>
    </ClInclude>
    <ClInclude Include="..\..\Engine\World\World.h">
      <Filter>Header Files</Filter>
    </ClInclude>
    <ClInclude Include="..\..\Engine\World\LogicFramework.h">
      <Filter>Header Files</Filter>
    </ClInclude>
    <ClInclude Include="..\..\Engine\Physics\PhysicalWorld.h">
      <Filter>Header Files</Filter>
    </ClInclude>
    <ClInclude Include="..\..\Engine\Graphics\Mesh.h">
      <Filter>Header Files</Filter>
    </ClInclude>
    <ClInclude Include="..\..\Engine\CXCEngine.h">
      <Filter>Header Files</Filter>
    </ClInclude>
    <ClInclude Include="..\..\engine\graphics\RenderManager.h">
      <Filter>Header Files</Filter>
    </ClInclude>
    <ClInclude Include="..\..\Engine\Utilities\FBXSDKUtility.h">
      <Filter>Header Files</Filter>
    </ClInclude>
    <ClInclude Include="..\..\Engine\Utilities\FileHelper.h">
      <Filter>Header Files</Filter>
    </ClInclude>
    <ClInclude Include="..\..\Engine\Utilities\EngineObjectFactory.h">
      <Filter>Header Files</Filter>
    </ClInclude>
    <ClInclude Include="..\..\Engine\Graphics\RenderPipeline.h">
      <Filter>Header Files</Filter>
    </ClInclude>
    <ClInclude Include="..\..\Engine\Graphics\MeshRender.h">
      <Filter>Header Files</Filter>
    </ClInclude>
  </ItemGroup>
  <ItemGroup>
    <None Include="..\..\engine\inl\MultiTree.inl">
      <Filter>Header Files</Filter>
    </None>
    <None Include="..\..\engine\inl\Singleton.inl">
      <Filter>Header Files</Filter>
    </None>
    <None Include="..\..\Engine\Shader\Blinn-PhongFS.glsl" />
    <None Include="..\..\Engine\Shader\depthTextureFS.glsl" />
    <None Include="..\..\Engine\Shader\depthTextureVS.glsl" />
    <None Include="..\..\Engine\Shader\StandardVertexShader.glsl" />
    <None Include="main\test.FBX" />
  </ItemGroup>
</Project>