<?xml version="1.0" encoding="utf-8"?>
<Project ToolsVersion="4.0" xmlns="http://schemas.microsoft.com/developer/msbuild/2003">
  <ItemGroup>
    <Filter Include="Source Files">
      <UniqueIdentifier>{4FC737F1-C7A5-4376-A066-2A32D752A2FF}</UniqueIdentifier>
      <Extensions>cpp;c;cc;cxx;def;odl;idl;hpj;bat;asm;asmx</Extensions>
    </Filter>
    <Filter Include="Header Files">
      <UniqueIdentifier>{93995380-89BD-4b04-88EB-625FBE52EBFB}</UniqueIdentifier>
      <Extensions>h;hh;hpp;hxx;hm;inl;inc;xsd</Extensions>
    </Filter>
    <Filter Include="Source Files\Resource Files">
      <UniqueIdentifier>{67DA6AB6-F800-4c08-8B7A-83BB121AAD01}</UniqueIdentifier>
      <Extensions>rc;ico;cur;bmp;dlg;rc2;rct;bin;rgs;gif;jpg;jpeg;jpe;resx;tiff;tif;png;wav</Extensions>
    </Filter>
  </ItemGroup>
  <ItemGroup>
    <ClCompile Include="controller\Camera.cpp">
      <Filter>Source Files</Filter>
    </ClCompile>
    <ClCompile Include="controller\CommandHandler.cpp">
      <Filter>Source Files</Filter>
    </ClCompile>
    <ClCompile Include="controller\InputManager.cpp">
      <Filter>Source Files</Filter>
    </ClCompile>
    <ClCompile Include="controller\RendererManager.cpp">
      <Filter>Source Files</Filter>
    </ClCompile>
    <ClCompile Include="enginefacade\EnginFacade.cpp">
      <Filter>Source Files</Filter>
    </ClCompile>
    <ClCompile Include="graphics\Font.cpp">
      <Filter>Source Files</Filter>
    </ClCompile>
    <ClCompile Include="graphics\FontsManager.cpp">
      <Filter>Source Files</Filter>
    </ClCompile>
    <ClCompile Include="graphics\Object3D.cpp">
      <Filter>Source Files</Filter>
    </ClCompile>
    <ClCompile Include="graphics\SceneManager.cpp">
      <Filter>Source Files</Filter>
    </ClCompile>
    <ClCompile Include="graphics\Shape.cpp">
      <Filter>Source Files</Filter>
    </ClCompile>
    <ClCompile Include="graphics\Texture2D.cpp">
      <Filter>Source Files</Filter>
    </ClCompile>
    <ClCompile Include="graphics\TextureManger.cpp">
      <Filter>Source Files</Filter>
    </ClCompile>
    <ClCompile Include="helper\FileHelper.cpp">
      <Filter>Source Files</Filter>
    </ClCompile>
    <ClCompile Include="script\Parser.cpp">
      <Filter>Source Files</Filter>
    </ClCompile>
    <ClCompile Include="window\Window.cpp">
      <Filter>Source Files</Filter>
    </ClCompile>
    <ClCompile Include="Physics\RigidBody3D.cpp">
      <Filter>Source Files</Filter>
    </ClCompile>
    <ClCompile Include="Physics\Collider3D.cpp">
      <Filter>Source Files</Filter>
    </ClCompile>
  </ItemGroup>
  <ItemGroup>
    <ClInclude Include="controller\Camera.h">
      <Filter>Header Files</Filter>
    </ClInclude>
    <ClInclude Include="controller\CommandHandler.h">
      <Filter>Header Files</Filter>
    </ClInclude>
    <ClInclude Include="controller\InputManager.h">
      <Filter>Header Files</Filter>
    </ClInclude>
    <ClInclude Include="controller\RendererManager.h">
      <Filter>Header Files</Filter>
    </ClInclude>
    <ClInclude Include="enginefacade\EngineFacade.h">
      <Filter>Header Files</Filter>
    </ClInclude>
    <ClInclude Include="general\DefineTypes.h">
      <Filter>Header Files</Filter>
    </ClInclude>
    <ClInclude Include="general\EngineCompoents.h">
      <Filter>Header Files</Filter>
    </ClInclude>
    <ClInclude Include="graphics\Font.h">
      <Filter>Header Files</Filter>
    </ClInclude>
    <ClInclude Include="graphics\FontsManager.h">
      <Filter>Header Files</Filter>
    </ClInclude>
    <ClInclude Include="graphics\Object3D.h">
      <Filter>Header Files</Filter>
    </ClInclude>
    <ClInclude Include="graphics\SceneManager.h">
      <Filter>Header Files</Filter>
    </ClInclude>
    <ClInclude Include="graphics\Shape.h">
      <Filter>Header Files</Filter>
    </ClInclude>
    <ClInclude Include="graphics\Texture2D.h">
      <Filter>Header Files</Filter>
    </ClInclude>
    <ClInclude Include="graphics\TextureManager.h">
      <Filter>Header Files</Filter>
    </ClInclude>
    <ClInclude Include="helper\FileHelper.h">
      <Filter>Header Files</Filter>
    </ClInclude>
    <ClInclude Include="libraries\image_loader\stb_image.h">
      <Filter>Header Files</Filter>
    </ClInclude>
    <ClInclude Include="libraries\tinyobjloader\tiny_obj_loader.h">
      <Filter>Header Files</Filter>
    </ClInclude>
    <ClInclude Include="script\Parser.h">
      <Filter>Header Files</Filter>
    </ClInclude>
    <ClInclude Include="window\Window.h">
      <Filter>Header Files</Filter>
    </ClInclude>
    <ClInclude Include="Physics\ode\collision.h">
      <Filter>Header Files</Filter>
    </ClInclude>
    <ClInclude Include="Physics\ode\collision_space.h">
      <Filter>Header Files</Filter>
    </ClInclude>
    <ClInclude Include="Physics\ode\collision_trimesh.h">
      <Filter>Header Files</Filter>
    </ClInclude>
    <ClInclude Include="Physics\ode\common.h">
      <Filter>Header Files</Filter>
    </ClInclude>
    <ClInclude Include="Physics\ode\compatibility.h">
      <Filter>Header Files</Filter>
    </ClInclude>
    <ClInclude Include="Physics\ode\contact.h">
      <Filter>Header Files</Filter>
    </ClInclude>
    <ClInclude Include="Physics\ode\error.h">
      <Filter>Header Files</Filter>
    </ClInclude>
    <ClInclude Include="Physics\ode\export-dif.h">
      <Filter>Header Files</Filter>
    </ClInclude>
    <ClInclude Include="Physics\ode\mass.h">
      <Filter>Header Files</Filter>
    </ClInclude>
    <ClInclude Include="Physics\ode\matrix.h">
      <Filter>Header Files</Filter>
    </ClInclude>
    <ClInclude Include="Physics\ode\memory.h">
      <Filter>Header Files</Filter>
    </ClInclude>
    <ClInclude Include="Physics\ode\misc.h">
      <Filter>Header Files</Filter>
    </ClInclude>
    <ClInclude Include="Physics\ode\objects.h">
      <Filter>Header Files</Filter>
    </ClInclude>
    <ClInclude Include="Physics\ode\ode.h">
      <Filter>Header Files</Filter>
    </ClInclude>
    <ClInclude Include="Physics\ode\odeconfig.h">
      <Filter>Header Files</Filter>
    </ClInclude>
    <ClInclude Include="Physics\ode\odecpp.h">
      <Filter>Header Files</Filter>
    </ClInclude>
    <ClInclude Include="Physics\ode\odecpp_collision.h">
      <Filter>Header Files</Filter>
    </ClInclude>
    <ClInclude Include="Physics\ode\odeinit.h">
      <Filter>Header Files</Filter>
    </ClInclude>
    <ClInclude Include="Physics\ode\odemath.h">
      <Filter>Header Files</Filter>
    </ClInclude>
    <ClInclude Include="Physics\ode\odemath_legacy.h">
      <Filter>Header Files</Filter>
    </ClInclude>
    <ClInclude Include="Physics\ode\precision.h">
      <Filter>Header Files</Filter>
    </ClInclude>
    <ClInclude Include="Physics\ode\rotation.h">
      <Filter>Header Files</Filter>
    </ClInclude>
    <ClInclude Include="Physics\ode\threading.h">
      <Filter>Header Files</Filter>
    </ClInclude>
    <ClInclude Include="Physics\ode\threading_impl.h">
      <Filter>Header Files</Filter>
    </ClInclude>
    <ClInclude Include="Physics\ode\timer.h">
      <Filter>Header Files</Filter>
    </ClInclude>
    <ClInclude Include="Physics\RigidBody3D.h">
      <Filter>Header Files</Filter>
    </ClInclude>
    <ClInclude Include="Physics\Collider3D.h">
      <Filter>Header Files</Filter>
    </ClInclude>
  </ItemGroup>
  <ItemGroup>
    <None Include="inl\MultiTree.inl">
      <Filter>Header Files</Filter>
    </None>
    <None Include="inl\Singleton.inl">
      <Filter>Header Files</Filter>
    </None>
    <None Include="Physics\ode\precision.h.in" />
    <None Include="Shader\StandardFragmentShader.glsl" />
    <None Include="Shader\StandardVertexShader.glsl" />
    <None Include="Shader\LambertFS.glsl" />
    <None Include="Shader\PhongFS.glsl" />
  </ItemGroup>
</Project>